Microsoft Visual Studio Solution File, Format Version 12.00
# Visual Studio Version 17
VisualStudioVersion = 17.5.2.0
MinimumVisualStudioVersion = 10.0.40219.1
Project("{FAE04EC0-301F-11D3-BF4B-00C04F79EFBC}") = "lab-3-mastermind-BenjaminJ-146", "lab-3-mastermind-BenjaminJ-146.csproj", "{C80E4B58-D22D-C9FD-13AC-603850F847B0}"
EndProject
Global
	GlobalSection(SolutionConfigurationPlatforms) = preSolution
		Debug|Any CPU = Debug|Any CPU
		Release|Any CPU = Release|Any CPU
	EndGlobalSection
	GlobalSection(ProjectConfigurationPlatforms) = postSolution
		{C80E4B58-D22D-C9FD-13AC-603850F847B0}.Debug|Any CPU.ActiveCfg = Debug|Any CPU
		{C80E4B58-D22D-C9FD-13AC-603850F847B0}.Debug|Any CPU.Build.0 = Debug|Any CPU
		{C80E4B58-D22D-C9FD-13AC-603850F847B0}.Release|Any CPU.ActiveCfg = Release|Any CPU
		{C80E4B58-D22D-C9FD-13AC-603850F847B0}.Release|Any CPU.Build.0 = Release|Any CPU
	EndGlobalSection
	GlobalSection(SolutionProperties) = preSolution
		HideSolutionNode = FALSE
	EndGlobalSection
	GlobalSection(ExtensibilityGlobals) = postSolution
		SolutionGuid = {5A5B5B62-C860-4EF8-A4BF-F7B10B5C4A02}
	EndGlobalSection
EndGlobal
